
Microsoft Visual Studio Solution File, Format Version 12.00
# Visual Studio Version 17
VisualStudioVersion = 17.14.36414.22
MinimumVisualStudioVersion = 10.0.40219.1
Project("{FAE04EC0-301F-11D3-BF4B-00C04F79EFBC}") = "SkyReserve.API", "SkyReserve.API\SkyReserve.API.csproj", "{CFB09C87-5E8D-47DB-A407-EF16994C8071}"
EndProject
Project("{FAE04EC0-301F-11D3-BF4B-00C04F79EFBC}") = "SkyReserve.Infrastructure", "SkyReserve.Infrastructure\SkyReserve.Infrastructure.csproj", "{FC503E31-E874-439F-BD55-1B67729B39DC}"
EndProject
Global
	GlobalSection(SolutionConfigurationPlatforms) = preSolution
		Debug|Any CPU = Debug|Any CPU
		Release|Any CPU = Release|Any CPU
	EndGlobalSection
	GlobalSection(ProjectConfigurationPlatforms) = postSolution
		{CFB09C87-5E8D-47DB-A407-EF16994C8071}.Debug|Any CPU.ActiveCfg = Debug|Any CPU
		{CFB09C87-5E8D-47DB-A407-EF16994C8071}.Debug|Any CPU.Build.0 = Debug|Any CPU
		{CFB09C87-5E8D-47DB-A407-EF16994C8071}.Release|Any CPU.ActiveCfg = Release|Any CPU
		{CFB09C87-5E8D-47DB-A407-EF16994C8071}.Release|Any CPU.Build.0 = Release|Any CPU
		{FC503E31-E874-439F-BD55-1B67729B39DC}.Debug|Any CPU.ActiveCfg = Debug|Any CPU
		{FC503E31-E874-439F-BD55-1B67729B39DC}.Debug|Any CPU.Build.0 = Debug|Any CPU
		{FC503E31-E874-439F-BD55-1B67729B39DC}.Release|Any CPU.ActiveCfg = Release|Any CPU
		{FC503E31-E874-439F-BD55-1B67729B39DC}.Release|Any CPU.Build.0 = Release|Any CPU
	EndGlobalSection
	GlobalSection(SolutionProperties) = preSolution
		HideSolutionNode = FALSE
	EndGlobalSection
	GlobalSection(ExtensibilityGlobals) = postSolution
		SolutionGuid = {2D5F443A-4524-4D5E-8F6A-6CB757907168}
	EndGlobalSection
EndGlobal
